{
  "name": "neillrobson.github.io",
  "version": "1.0.0",
  "lockfileVersion": 1,
  "requires": true,
  "dependencies": {
    "@fortawesome/fontawesome-free": {
      "version": "5.8.1",
      "resolved": "https://registry.npmjs.org/@fortawesome/fontawesome-free/-/fontawesome-free-5.8.1.tgz",
      "integrity": "sha512-GJtx6e55qLEOy2gPOsok2lohjpdWNGrYGtQx0FFT/++K4SYx+Z8LlPHdQBaFzKEwH5IbBB4fNgb//uyZjgYXoA=="
    },
    "@types/fs-extra": {
      "version": "5.1.0",
      "resolved": "https://registry.npmjs.org/@types/fs-extra/-/fs-extra-5.1.0.tgz",
      "integrity": "sha512-AInn5+UBFIK9FK5xc9yP5e3TQSPNNgjHByqYcj9g5elVBnDQcQL7PlO1CIRy2gWlbwK7UPYqi7vRvFA44dCmYQ==",
      "dev": true,
      "requires": {
        "@types/node": "*"
      }
    },
    "@types/node": {
      "version": "12.0.0",
      "resolved": "https://registry.npmjs.org/@types/node/-/node-12.0.0.tgz",
      "integrity": "sha512-Jrb/x3HT4PTJp6a4avhmJCDEVrPdqLfl3e8GGMbpkGGdwAV5UGlIs4vVEfsHHfylZVOKZWpOqmqFH8CbfOZ6kg==",
      "dev": true
    },
    "bootstrap": {
      "version": "4.3.1",
      "resolved": "https://registry.npmjs.org/bootstrap/-/bootstrap-4.3.1.tgz",
      "integrity": "sha512-rXqOmH1VilAt2DyPzluTi2blhk17bO7ef+zLLPlWvG494pDxcM234pJ8wTc/6R40UWizAIIMgxjvxZg5kmsbag=="
    },
    "desandro-matches-selector": {
      "version": "2.0.2",
      "resolved": "https://registry.npmjs.org/desandro-matches-selector/-/desandro-matches-selector-2.0.2.tgz",
      "integrity": "sha1-cXvu1NwT59jzdi9wem1YpndCGOE="
    },
    "esm": {
      "version": "3.2.22",
      "resolved": "https://registry.npmjs.org/esm/-/esm-3.2.22.tgz",
      "integrity": "sha512-z8YG7U44L82j1XrdEJcqZOLUnjxco8pO453gKOlaMD1/md1n/5QrscAmYG+oKUspsmDLuBFZrpbxI6aQ67yRxA==",
      "dev": true
    },
    "ev-emitter": {
      "version": "1.1.1",
      "resolved": "https://registry.npmjs.org/ev-emitter/-/ev-emitter-1.1.1.tgz",
      "integrity": "sha512-ipiDYhdQSCZ4hSbX4rMW+XzNKMD1prg/sTvoVmSLkuQ1MVlwjJQQA+sW8tMYR3BLUr9KjodFV4pvzunvRhd33Q=="
    },
    "fizzy-ui-utils": {
      "version": "2.0.7",
      "resolved": "https://registry.npmjs.org/fizzy-ui-utils/-/fizzy-ui-utils-2.0.7.tgz",
      "integrity": "sha512-CZXDVXQ1If3/r8s0T+v+qVeMshhfcuq0rqIFgJnrtd+Bu8GmDmqMjntjUePypVtjHXKJ6V4sw9zeyox34n9aCg==",
      "requires": {
        "desandro-matches-selector": "^2.0.0"
      }
    },
    "flickity": {
      "version": "2.2.0",
      "resolved": "https://registry.npmjs.org/flickity/-/flickity-2.2.0.tgz",
      "integrity": "sha512-K9trFruKtbi4F8nOo+pHjJK4P/Pqix2Udq3lHhUVXfxqmoxuwZHu3nEEiEb49NWpzBrVHHIcnnn8fhcUTkWpgA==",
      "requires": {
        "desandro-matches-selector": "^2.0.0",
        "ev-emitter": "^1.0.2",
        "fizzy-ui-utils": "^2.0.0",
        "get-size": "^2.0.0",
        "unidragger": "^2.3.0",
        "unipointer": "^2.3.0"
      }
    },
    "fs-extra": {
      "version": "7.0.1",
      "resolved": "https://registry.npmjs.org/fs-extra/-/fs-extra-7.0.1.tgz",
      "integrity": "sha512-YJDaCJZEnBmcbw13fvdAM9AwNOJwOzrE4pqMqBq5nFiEqXUqHwlK4B+3pUw6JNvfSPtX05xFHtYy/1ni01eGCw==",
      "dev": true,
      "requires": {
        "graceful-fs": "^4.1.2",
        "jsonfile": "^4.0.0",
        "universalify": "^0.1.0"
      }
    },
    "get-size": {
      "version": "2.0.3",
      "resolved": "https://registry.npmjs.org/get-size/-/get-size-2.0.3.tgz",
      "integrity": "sha512-lXNzT/h/dTjTxRbm9BXb+SGxxzkm97h/PCIKtlN/CBCxxmkkIVV21udumMS93MuVTDX583gqc94v3RjuHmI+2Q=="
    },
    "graceful-fs": {
      "version": "4.1.15",
      "resolved": "https://registry.npmjs.org/graceful-fs/-/graceful-fs-4.1.15.tgz",
      "integrity": "sha512-6uHUhOPEBgQ24HM+r6b/QwWfZq+yiFcipKFrOFiBEnWdy5sdzYoi+pJeQaPI5qOLRFqWmAXUPQNsielzdLoecA==",
      "dev": true
    },
    "highlightjs": {
      "version": "9.12.0",
      "resolved": "https://registry.npmjs.org/highlightjs/-/highlightjs-9.12.0.tgz",
      "integrity": "sha512-eAhWMtDZaOZIQdxIP4UEB1vNp/CVXQPdMSihTSuaExhFIRC0BVpXbtP3mTP1hDoGOyh7nbB3cuC3sOPhG5wGDA=="
    },
    "imagesloaded": {
      "version": "4.1.4",
      "resolved": "https://registry.npmjs.org/imagesloaded/-/imagesloaded-4.1.4.tgz",
      "integrity": "sha512-ltiBVcYpc/TYTF5nolkMNsnREHW+ICvfQ3Yla2Sgr71YFwQ86bDwV9hgpFhFtrGPuwEx5+LqOHIrdXBdoWwwsA==",
      "requires": {
        "ev-emitter": "^1.0.0"
      }
    },
    "isotope-layout": {
      "version": "3.0.6",
      "resolved": "https://registry.npmjs.org/isotope-layout/-/isotope-layout-3.0.6.tgz",
      "integrity": "sha512-z2ZKablhocXhoNyWwzJPFd7u7FWbYbVJA51Nvsqsod8jH2ExGc1SwDsSWKE54e3PhXzqf2yZPhFSq/c2MR1arw==",
      "requires": {
        "desandro-matches-selector": "^2.0.0",
        "fizzy-ui-utils": "^2.0.4",
        "get-size": "^2.0.0",
        "masonry-layout": "^4.1.0",
        "outlayer": "^2.1.0"
      }
    },
    "jquery": {
      "version": "3.4.1",
      "resolved": "https://registry.npmjs.org/jquery/-/jquery-3.4.1.tgz",
      "integrity": "sha512-36+AdBzCL+y6qjw5Tx7HgzeGCzC81MDDgaUP8ld2zhx58HdqXGoBd+tHdrBMiyjGQs0Hxs/MLZTu/eHNJJuWPw=="
    },
    "jsonfile": {
      "version": "4.0.0",
      "resolved": "https://registry.npmjs.org/jsonfile/-/jsonfile-4.0.0.tgz",
      "integrity": "sha1-h3Gq4HmbZAdrdmQPygWPnBDjPss=",
      "dev": true,
      "requires": {
        "graceful-fs": "^4.1.6"
      }
    },
    "masonry-layout": {
      "version": "4.2.2",
      "resolved": "https://registry.npmjs.org/masonry-layout/-/masonry-layout-4.2.2.tgz",
      "integrity": "sha512-iGtAlrpHNyxaR19CvKC3npnEcAwszXoyJiI8ARV2ePi7fmYhIud25MHK8Zx4P0LCC4d3TNO9+rFa1KoK1OEOaA==",
      "requires": {
        "get-size": "^2.0.2",
        "outlayer": "^2.1.0"
      }
    },
    "outlayer": {
      "version": "2.1.1",
      "resolved": "https://registry.npmjs.org/outlayer/-/outlayer-2.1.1.tgz",
      "integrity": "sha1-KYY7beEOpdrf/8rfoNcokHOH6aI=",
      "requires": {
        "ev-emitter": "^1.0.0",
        "fizzy-ui-utils": "^2.0.0",
        "get-size": "^2.0.2"
      }
    },
    "popper.js": {
      "version": "1.15.0",
      "resolved": "https://registry.npmjs.org/popper.js/-/popper.js-1.15.0.tgz",
      "integrity": "sha512-w010cY1oCUmI+9KwwlWki+r5jxKfTFDVoadl7MSrIujHU5MJ5OR6HTDj6Xo8aoR/QsA56x8jKjA59qGH4ELtrA=="
    },
    "unidragger": {
      "version": "2.3.0",
      "resolved": "https://registry.npmjs.org/unidragger/-/unidragger-2.3.0.tgz",
      "integrity": "sha512-dVkSqQdwcsaNmXaandBAOcJ4QVvkrDPosfCcZ7opYPkAiisCQaGlNw0pg00lBV4MQoWEXsEaiwhtQlbnvlXrQQ==",
      "requires": {
        "unipointer": "^2.3.0"
      }
    },
    "unipointer": {
      "version": "2.3.0",
      "resolved": "https://registry.npmjs.org/unipointer/-/unipointer-2.3.0.tgz",
      "integrity": "sha512-m85sAoELCZhogI1owtJV3Dva7GxkHk2lI7A0otw3o0OwCuC/Q9gi7ehddigEYIAYbhkqNdri+dU1QQkrcBvirQ==",
      "requires": {
        "ev-emitter": "^1.0.1"
      }
    },
    "universalify": {
      "version": "0.1.2",
      "resolved": "https://registry.npmjs.org/universalify/-/universalify-0.1.2.tgz",
      "integrity": "sha512-rBJeI5CXAlmy1pV+617WB9J63U6XcazHHF2f2dbJix4XzpUF0RS3Zbj0FGIOCAva5P/d/GBOYaACQ1w+0azUkg==",
      "dev": true
    }
  }
}
